
Microsoft Visual Studio Solution File, Format Version 12.00
# Visual Studio Version 17
VisualStudioVersion = 17.11.35327.3
MinimumVisualStudioVersion = 10.0.40219.1
Project("{FAE04EC0-301F-11D3-BF4B-00C04F79EFBC}") = "BlogAPI", "BlogAPI\BlogAPI.csproj", "{AFA34FE9-7935-4AC3-857B-E95C78CA129B}"
EndProject
Global
	GlobalSection(SolutionConfigurationPlatforms) = preSolution
		Debug|Any CPU = Debug|Any CPU
		Release|Any CPU = Release|Any CPU
	EndGlobalSection
	GlobalSection(ProjectConfigurationPlatforms) = postSolution
		{AFA34FE9-7935-4AC3-857B-E95C78CA129B}.Debug|Any CPU.ActiveCfg = Debug|Any CPU
		{AFA34FE9-7935-4AC3-857B-E95C78CA129B}.Debug|Any CPU.Build.0 = Debug|Any CPU
		{AFA34FE9-7935-4AC3-857B-E95C78CA129B}.Release|Any CPU.ActiveCfg = Release|Any CPU
		{AFA34FE9-7935-4AC3-857B-E95C78CA129B}.Release|Any CPU.Build.0 = Release|Any CPU
	EndGlobalSection
	GlobalSection(SolutionProperties) = preSolution
		HideSolutionNode = FALSE
	EndGlobalSection
	GlobalSection(ExtensibilityGlobals) = postSolution
		SolutionGuid = {33CB4798-DDB6-48A3-AD80-6B42FB42848E}
	EndGlobalSection
EndGlobal
